
Microsoft Visual Studio Solution File, Format Version 12.00
Project("{FAE04EC0-301F-11D3-BF4B-00C04F79EFBC}") = "SliderInMyDMs", "SliderInMyDMs\SliderInMyDMs.csproj", "{783CA1D5-07F7-4A61-BECB-7BFAA6A68BC1}"
EndProject
Project("{FAE04EC0-301F-11D3-BF4B-00C04F79EFBC}") = "SliderInMyDMs.Logic", "SliderInMyDMs.Logic\SliderInMyDMs.Logic.csproj", "{13A1E427-B044-4EC1-99E2-005605DDC33C}"
EndProject
Global
	GlobalSection(SolutionConfigurationPlatforms) = preSolution
		Debug|Any CPU = Debug|Any CPU
		Release|Any CPU = Release|Any CPU
	EndGlobalSection
	GlobalSection(ProjectConfigurationPlatforms) = postSolution
		{783CA1D5-07F7-4A61-BECB-7BFAA6A68BC1}.Debug|Any CPU.ActiveCfg = Debug|Any CPU
		{783CA1D5-07F7-4A61-BECB-7BFAA6A68BC1}.Debug|Any CPU.Build.0 = Debug|Any CPU
		{783CA1D5-07F7-4A61-BECB-7BFAA6A68BC1}.Release|Any CPU.ActiveCfg = Release|Any CPU
		{783CA1D5-07F7-4A61-BECB-7BFAA6A68BC1}.Release|Any CPU.Build.0 = Release|Any CPU
		{13A1E427-B044-4EC1-99E2-005605DDC33C}.Debug|Any CPU.ActiveCfg = Debug|Any CPU
		{13A1E427-B044-4EC1-99E2-005605DDC33C}.Debug|Any CPU.Build.0 = Debug|Any CPU
		{13A1E427-B044-4EC1-99E2-005605DDC33C}.Release|Any CPU.ActiveCfg = Release|Any CPU
		{13A1E427-B044-4EC1-99E2-005605DDC33C}.Release|Any CPU.Build.0 = Release|Any CPU
	EndGlobalSection
EndGlobal
